
Microsoft Visual Studio Solution File, Format Version 12.00
# Visual Studio Version 16
VisualStudioVersion = 16.0.31205.134
MinimumVisualStudioVersion = 10.0.40219.1
Project("{FAE04EC0-301F-11D3-BF4B-00C04F79EFBC}") = "TalipGunes", "TalipGunes\TalipGunes.csproj", "{B48C6B48-2FF9-46B5-AB34-EF1A308B22E5}"
EndProject
Global
	GlobalSection(SolutionConfigurationPlatforms) = preSolution
		Debug|Any CPU = Debug|Any CPU
		Release|Any CPU = Release|Any CPU
	EndGlobalSection
	GlobalSection(ProjectConfigurationPlatforms) = postSolution
		{B48C6B48-2FF9-46B5-AB34-EF1A308B22E5}.Debug|Any CPU.ActiveCfg = Debug|Any CPU
		{B48C6B48-2FF9-46B5-AB34-EF1A308B22E5}.Debug|Any CPU.Build.0 = Debug|Any CPU
		{B48C6B48-2FF9-46B5-AB34-EF1A308B22E5}.Release|Any CPU.ActiveCfg = Release|Any CPU
		{B48C6B48-2FF9-46B5-AB34-EF1A308B22E5}.Release|Any CPU.Build.0 = Release|Any CPU
	EndGlobalSection
	GlobalSection(SolutionProperties) = preSolution
		HideSolutionNode = FALSE
	EndGlobalSection
	GlobalSection(ExtensibilityGlobals) = postSolution
		SolutionGuid = {720C1D80-69CC-4B2E-BBD9-49F56B4E5025}
	EndGlobalSection
EndGlobal
